
Microsoft Visual Studio Solution File, Format Version 12.00
# Visual Studio Version 17
VisualStudioVersion = 17.5.002.0
MinimumVisualStudioVersion = 10.0.40219.1
Project("{9A19103F-16F7-4668-BE54-9A1E7A4F7556}") = "ForensicTimeline", "ForensicTimeline.csproj", "{0BA82F63-482A-40F8-A0BD-E577666E6BFE}"
EndProject
Global
	GlobalSection(SolutionConfigurationPlatforms) = preSolution
		Debug|Any CPU = Debug|Any CPU
		Release|Any CPU = Release|Any CPU
	EndGlobalSection
	GlobalSection(ProjectConfigurationPlatforms) = postSolution
		{0BA82F63-482A-40F8-A0BD-E577666E6BFE}.Debug|Any CPU.ActiveCfg = Debug|Any CPU
		{0BA82F63-482A-40F8-A0BD-E577666E6BFE}.Debug|Any CPU.Build.0 = Debug|Any CPU
		{0BA82F63-482A-40F8-A0BD-E577666E6BFE}.Release|Any CPU.ActiveCfg = Release|Any CPU
		{0BA82F63-482A-40F8-A0BD-E577666E6BFE}.Release|Any CPU.Build.0 = Release|Any CPU
	EndGlobalSection
	GlobalSection(SolutionProperties) = preSolution
		HideSolutionNode = FALSE
	EndGlobalSection
	GlobalSection(ExtensibilityGlobals) = postSolution
		SolutionGuid = {69C57098-2682-4379-8AD8-FAA8BCE850F7}
	EndGlobalSection
EndGlobal
